# THIS IS AN AUTOGENERATED FILE. DO NOT EDIT THIS FILE DIRECTLY.
# yarn lockfile v1


"@vant/weapp@^1.5.0":
  version "1.5.0"
  resolved "https://registry.npm.taobao.org/@vant/weapp/download/@vant/weapp-1.5.0.tgz?cache=0&sync_timestamp=1598494767612&other_urls=https%3A%2F%2Fregistry.npm.taobao.org%2F%40vant%2Fweapp%2Fdownload%2F%40vant%2Fweapp-1.5.0.tgz#18b0b77ee8133eb53ffd6c1ed9cf70c51d24e736"
  integrity sha1-GLC3fugTPrU//Wwe2c9wxR0k5zY=

lin-ui@^0.8.9:
  version "0.8.9"
  resolved "https://registry.npm.taobao.org/lin-ui/download/lin-ui-0.8.9.tgz#f4d89fa9bad177d394a8cc2e5ccb95e6c11ff4a9"
  integrity sha1-9NifqbrRd9OUqMwuXMuV5sEf9Kk=

moment@^2.28.0:
  version "2.28.0"
  resolved "https://registry.npm.taobao.org/moment/download/moment-2.28.0.tgz#cdfe73ce01327cee6537b0fafac2e0f21a237d75"
  integrity sha1-zf5zzgEyfO5lN7D6+sLg8hojfXU=

vant-weapp@^0.5.28:
  version "0.5.28"
  resolved "https://registry.npm.taobao.org/vant-weapp/download/vant-weapp-0.5.28.tgz#426edb8aec5284a1a7beab1b5e9cb73e5144c41b"
  integrity sha1-Qm7biuxShKGnvqsbXpy3PlFExBs=

vconsole@^3.3.4:
  version "3.3.4"
  resolved "https://registry.npm.taobao.org/vconsole/download/vconsole-3.3.4.tgz#a7dacd8887b3d3e902e8d18425cda56c34e77f51"
  integrity sha1-p9rNiIez0+kC6NGEJc2lbDTnf1E=
